Microsoft Visual Studio Solution File, Format Version 11.00
# Visual Studio 2008

Project("{4FFB6912-85E2-8625-C0B1-D13BE2B40C01}") = "Unity Project Quantifying Immersion", "Assembly-CSharp.csproj", "{9BE2FE89-68F4-2FB2-51AC-B47694ACD678}"
EndProject
Project("{4FFB6912-85E2-8625-C0B1-D13BE2B40C01}") = "Unity Project Quantifying Immersion", "Assembly-CSharp-Editor.csproj", "{C6704C0B-D61E-59FD-4302-C9FD362801EC}"
EndProject
Global
	GlobalSection(SolutionConfigurationPlatforms) = preSolution
		Debug|Any CPU = Debug|Any CPU
		Release|Any CPU = Release|Any CPU
	EndGlobalSection
	GlobalSection(ProjectConfigurationPlatforms) = postSolution
		{9BE2FE89-68F4-2FB2-51AC-B47694ACD678}.Debug|Any CPU.ActiveCfg = Debug|Any CPU
		{9BE2FE89-68F4-2FB2-51AC-B47694ACD678}.Debug|Any CPU.Build.0 = Debug|Any CPU
		{9BE2FE89-68F4-2FB2-51AC-B47694ACD678}.Release|Any CPU.ActiveCfg = Release|Any CPU
		{9BE2FE89-68F4-2FB2-51AC-B47694ACD678}.Release|Any CPU.Build.0 = Release|Any CPU
		{C6704C0B-D61E-59FD-4302-C9FD362801EC}.Debug|Any CPU.ActiveCfg = Debug|Any CPU
		{C6704C0B-D61E-59FD-4302-C9FD362801EC}.Debug|Any CPU.Build.0 = Debug|Any CPU
		{C6704C0B-D61E-59FD-4302-C9FD362801EC}.Release|Any CPU.ActiveCfg = Release|Any CPU
		{C6704C0B-D61E-59FD-4302-C9FD362801EC}.Release|Any CPU.Build.0 = Release|Any CPU
	EndGlobalSection
	GlobalSection(SolutionProperties) = preSolution
		HideSolutionNode = FALSE
	EndGlobalSection
	GlobalSection(MonoDevelopProperties) = preSolution
		StartupItem = Assembly-CSharp.csproj
	EndGlobalSection
EndGlobal
