
Microsoft Visual Studio Solution File, Format Version 12.00
# Visual Studio 2015
Project("{FAE04EC0-301F-11D3-BF4B-00C04F79EFBC}") = "Unity Project Quantifying Immersion.CSharp", "Unity Project Quantifying Immersion.CSharp.csproj", "{ECDAD651-33CD-BFBD-2EBE-E9886E361B06}"
EndProject
Project("{FAE04EC0-301F-11D3-BF4B-00C04F79EFBC}") = "Unity Project Quantifying Immersion.CSharp.Editor", "Unity Project Quantifying Immersion.CSharp.Editor.csproj", "{997AE159-FE31-3460-2813-F80DBFA7C0C7}"
EndProject
Global
	GlobalSection(SolutionConfigurationPlatforms) = preSolution
		Debug|Any CPU = Debug|Any CPU
		Release|Any CPU = Release|Any CPU
	EndGlobalSection
	GlobalSection(ProjectConfigurationPlatforms) = postSolution
		{ECDAD651-33CD-BFBD-2EBE-E9886E361B06}.Debug|Any CPU.ActiveCfg = Debug|Any CPU
		{ECDAD651-33CD-BFBD-2EBE-E9886E361B06}.Debug|Any CPU.Build.0 = Debug|Any CPU
		{ECDAD651-33CD-BFBD-2EBE-E9886E361B06}.Release|Any CPU.ActiveCfg = Release|Any CPU
		{ECDAD651-33CD-BFBD-2EBE-E9886E361B06}.Release|Any CPU.Build.0 = Release|Any CPU
		{997AE159-FE31-3460-2813-F80DBFA7C0C7}.Debug|Any CPU.ActiveCfg = Debug|Any CPU
		{997AE159-FE31-3460-2813-F80DBFA7C0C7}.Debug|Any CPU.Build.0 = Debug|Any CPU
		{997AE159-FE31-3460-2813-F80DBFA7C0C7}.Release|Any CPU.ActiveCfg = Release|Any CPU
		{997AE159-FE31-3460-2813-F80DBFA7C0C7}.Release|Any CPU.Build.0 = Release|Any CPU
	EndGlobalSection
	GlobalSection(SolutionProperties) = preSolution
		HideSolutionNode = FALSE
	EndGlobalSection
EndGlobal
